// !$*UTF8*$!
{
	archiveVersion = 1;
	classes = {
	};
	objectVersion = 56;
	objects = {

/* Begin PBXBuildFile section */
		246C496D2B49985F00B0D936 /* Perpustakaan_NewApp.swift in Sources */ = {isa = PBXBuildFile; fileRef = 246C496C2B49985F00B0D936 /* Perpustakaan_NewApp.swift */; };
		246C496F2B49985F00B0D936 /* ContentView.swift in Sources */ = {isa = PBXBuildFile; fileRef = 246C496E2B49985F00B0D936 /* ContentView.swift */; };
		246C49712B49986200B0D936 /* Assets.xcassets in Resources */ = {isa = PBXBuildFile; fileRef = 246C49702B49986200B0D936 /* Assets.xcassets */; };
		246C49742B49986200B0D936 /* Preview Assets.xcassets in Resources */ = {isa = PBXBuildFile; fileRef = 246C49732B49986200B0D936 /* Preview Assets.xcassets */; };
		246C497C2B49987200B0D936 /* LoanListView.swift in Sources */ = {isa = PBXBuildFile; fileRef = 246C497B2B49987200B0D936 /* LoanListView.swift */; };
		246C497E2B49987B00B0D936 /* ViewModel.swift in Sources */ = {isa = PBXBuildFile; fileRef = 246C497D2B49987B00B0D936 /* ViewModel.swift */; };
		246C49802B49988000B0D936 /* Models.swift in Sources */ = {isa = PBXBuildFile; fileRef = 246C497F2B49988000B0D936 /* Models.swift */; };
		246C49822B49996000B0D936 /* StackBarNavigationView.swift in Sources */ = {isa = PBXBuildFile; fileRef = 246C49812B49996000B0D936 /* StackBarNavigationView.swift */; };
		246C49842B49998C00B0D936 /* SideBar.swift in Sources */ = {isa = PBXBuildFile; fileRef = 246C49832B49998C00B0D936 /* SideBar.swift */; };
		246C49862B4999D800B0D936 /* AppState.swift in Sources */ = {isa = PBXBuildFile; fileRef = 246C49852B4999D800B0D936 /* AppState.swift */; };
		246C49882B499A3A00B0D936 /* DummyView.swift in Sources */ = {isa = PBXBuildFile; fileRef = 246C49872B499A3A00B0D936 /* DummyView.swift */; };
		246C498A2B499A4F00B0D936 /* BookCatalogView.swift in Sources */ = {isa = PBXBuildFile; fileRef = 246C49892B499A4F00B0D936 /* BookCatalogView.swift */; };
		246C498C2B499D1E00B0D936 /* NewLoanView.swift in Sources */ = {isa = PBXBuildFile; fileRef = 246C498B2B499D1E00B0D936 /* NewLoanView.swift */; };
		246C498F2B49A63900B0D936 /* LoanDetailView.swift in Sources */ = {isa = PBXBuildFile; fileRef = 246C498E2B49A63900B0D936 /* LoanDetailView.swift */; };
/* End PBXBuildFile section */

/* Begin PBXFileReference section */
		246C49692B49985F00B0D936 /* Perpustakaan-New.app */ = {isa = PBXFileReference; explicitFileType = wrapper.application; includeInIndex = 0; path = "Perpustakaan-New.app"; sourceTree = BUILT_PRODUCTS_DIR; };
		246C496C2B49985F00B0D936 /* Perpustakaan_NewApp.swift */ = {isa = PBXFileReference; lastKnownFileType = sourcecode.swift; path = Perpustakaan_NewApp.swift; sourceTree = "<group>"; };
		246C496E2B49985F00B0D936 /* ContentView.swift */ = {isa = PBXFileReference; lastKnownFileType = sourcecode.swift; path = ContentView.swift; sourceTree = "<group>"; };
		246C49702B49986200B0D936 /* Assets.xcassets */ = {isa = PBXFileReference; lastKnownFileType = folder.assetcatalog; path = Assets.xcassets; sourceTree = "<group>"; };
		246C49732B49986200B0D936 /* Preview Assets.xcassets */ = {isa = PBXFileReference; lastKnownFileType = folder.assetcatalog; path = "Preview Assets.xcassets"; sourceTree = "<group>"; };
		246C49752B49986200B0D936 /* Perpustakaan_New.entitlements */ = {isa = PBXFileReference; lastKnownFileType = text.plist.entitlements; path = Perpustakaan_New.entitlements; sourceTree = "<group>"; };
		246C497B2B49987200B0D936 /* LoanListView.swift */ = {isa = PBXFileReference; lastKnownFileType = sourcecode.swift; path = LoanListView.swift; sourceTree = "<group>"; };
		246C497D2B49987B00B0D936 /* ViewModel.swift */ = {isa = PBXFileReference; lastKnownFileType = sourcecode.swift; path = ViewModel.swift; sourceTree = "<group>"; };
		246C497F2B49988000B0D936 /* Models.swift */ = {isa = PBXFileReference; lastKnownFileType = sourcecode.swift; path = Models.swift; sourceTree = "<group>"; };
		246C49812B49996000B0D936 /* StackBarNavigationView.swift */ = {isa = PBXFileReference; lastKnownFileType = sourcecode.swift; path = StackBarNavigationView.swift; sourceTree = "<group>"; };
		246C49832B49998C00B0D936 /* SideBar.swift */ = {isa = PBXFileReference; lastKnownFileType = sourcecode.swift; path = SideBar.swift; sourceTree = "<group>"; };
		246C49852B4999D800B0D936 /* AppState.swift */ = {isa = PBXFileReference; lastKnownFileType = sourcecode.swift; path = AppState.swift; sourceTree = "<group>"; };
		246C49872B499A3A00B0D936 /* DummyView.swift */ = {isa = PBXFileReference; lastKnownFileType = sourcecode.swift; path = DummyView.swift; sourceTree = "<group>"; };
		246C49892B499A4F00B0D936 /* BookCatalogView.swift */ = {isa = PBXFileReference; lastKnownFileType = sourcecode.swift; path = BookCatalogView.swift; sourceTree = "<group>"; };
		246C498B2B499D1E00B0D936 /* NewLoanView.swift */ = {isa = PBXFileReference; lastKnownFileType = sourcecode.swift; path = NewLoanView.swift; sourceTree = "<group>"; };
		246C498D2B49A29400B0D936 /* Info.plist */ = {isa = PBXFileReference; lastKnownFileType = text.plist; path = Info.plist; sourceTree = "<group>"; };
		246C498E2B49A63900B0D936 /* LoanDetailView.swift */ = {isa = PBXFileReference; lastKnownFileType = sourcecode.swift; path = LoanDetailView.swift; sourceTree = "<group>"; };
/* End PBXFileReference section */

/* Begin PBXFrameworksBuildPhase section */
		246C49662B49985F00B0D936 /* Frameworks */ = {
			isa = PBXFrameworksBuildPhase;
			buildActionMask = 2147483647;
			files = (
			);
			runOnlyForDeploymentPostprocessing = 0;
		};
/* End PBXFrameworksBuildPhase section */

/* Begin PBXGroup section */
		246C49602B49985F00B0D936 = {
			isa = PBXGroup;
			children = (
				246C496B2B49985F00B0D936 /* Perpustakaan-New */,
				246C496A2B49985F00B0D936 /* Products */,
			);
			sourceTree = "<group>";
		};
		246C496A2B49985F00B0D936 /* Products */ = {
			isa = PBXGroup;
			children = (
				246C49692B49985F00B0D936 /* Perpustakaan-New.app */,
			);
			name = Products;
			sourceTree = "<group>";
		};
		246C496B2B49985F00B0D936 /* Perpustakaan-New */ = {
			isa = PBXGroup;
			children = (
				246C498D2B49A29400B0D936 /* Info.plist */,
				246C496C2B49985F00B0D936 /* Perpustakaan_NewApp.swift */,
				246C49702B49986200B0D936 /* Assets.xcassets */,
				246C49752B49986200B0D936 /* Perpustakaan_New.entitlements */,
				246C49722B49986200B0D936 /* Preview Content */,
				246C497D2B49987B00B0D936 /* ViewModel.swift */,
				246C497F2B49988000B0D936 /* Models.swift */,
				246C49812B49996000B0D936 /* StackBarNavigationView.swift */,
				246C49832B49998C00B0D936 /* SideBar.swift */,
				246C496E2B49985F00B0D936 /* ContentView.swift */,
				246C49852B4999D800B0D936 /* AppState.swift */,
				246C49872B499A3A00B0D936 /* DummyView.swift */,
				246C49892B499A4F00B0D936 /* BookCatalogView.swift */,
				246C497B2B49987200B0D936 /* LoanListView.swift */,
				246C498B2B499D1E00B0D936 /* NewLoanView.swift */,
				246C498E2B49A63900B0D936 /* LoanDetailView.swift */,
			);
			path = "Perpustakaan-New";
			sourceTree = "<group>";
		};
		246C49722B49986200B0D936 /* Preview Content */ = {
			isa = PBXGroup;
			children = (
				246C49732B49986200B0D936 /* Preview Assets.xcassets */,
			);
			path = "Preview Content";
			sourceTree = "<group>";
		};
/* End PBXGroup section */

/* Begin PBXNativeTarget section */
		246C49682B49985F00B0D936 /* Perpustakaan-New */ = {
			isa = PBXNativeTarget;
			buildConfigurationList = 246C49782B49986200B0D936 /* Build configuration list for PBXNativeTarget "Perpustakaan-New" */;
			buildPhases = (
				246C49652B49985F00B0D936 /* Sources */,
				246C49662B49985F00B0D936 /* Frameworks */,
				246C49672B49985F00B0D936 /* Resources */,
			);
			buildRules = (
			);
			dependencies = (
			);
			name = "Perpustakaan-New";
			productName = "Perpustakaan-New";
			productReference = 246C49692B49985F00B0D936 /* Perpustakaan-New.app */;
			productType = "com.apple.product-type.application";
		};
/* End PBXNativeTarget section */

/* Begin PBXProject section */
		246C49612B49985F00B0D936 /* Project object */ = {
			isa = PBXProject;
			attributes = {
				BuildIndependentTargetsInParallel = 1;
				LastSwiftUpdateCheck = 1510;
				LastUpgradeCheck = 1510;
				TargetAttributes = {
					246C49682B49985F00B0D936 = {
						CreatedOnToolsVersion = 15.1;
					};
				};
			};
			buildConfigurationList = 246C49642B49985F00B0D936 /* Build configuration list for PBXProject "Perpustakaan-New" */;
			compatibilityVersion = "Xcode 14.0";
			developmentRegion = en;
			hasScannedForEncodings = 0;
			knownRegions = (
				en,
				Base,
			);
			mainGroup = 246C49602B49985F00B0D936;
			productRefGroup = 246C496A2B49985F00B0D936 /* Products */;
			projectDirPath = "";
			projectRoot = "";
			targets = (
				246C49682B49985F00B0D936 /* Perpustakaan-New */,
			);
		};
/* End PBXProject section */

/* Begin PBXResourcesBuildPhase section */
		246C49672B49985F00B0D936 /* Resources */ = {
			isa = PBXResourcesBuildPhase;
			buildActionMask = 2147483647;
			files = (
				246C49742B49986200B0D936 /* Preview Assets.xcassets in Resources */,
				246C49712B49986200B0D936 /* Assets.xcassets in Resources */,
			);
			runOnlyForDeploymentPostprocessing = 0;
		};
/* End PBXResourcesBuildPhase section */

/* Begin PBXSourcesBuildPhase section */
		246C49652B49985F00B0D936 /* Sources */ = {
			isa = PBXSourcesBuildPhase;
			buildActionMask = 2147483647;
			files = (
				246C497C2B49987200B0D936 /* LoanListView.swift in Sources */,
				246C49822B49996000B0D936 /* StackBarNavigationView.swift in Sources */,
				246C49842B49998C00B0D936 /* SideBar.swift in Sources */,
				246C498F2B49A63900B0D936 /* LoanDetailView.swift in Sources */,
				246C498A2B499A4F00B0D936 /* BookCatalogView.swift in Sources */,
				246C49862B4999D800B0D936 /* AppState.swift in Sources */,
				246C498C2B499D1E00B0D936 /* NewLoanView.swift in Sources */,
				246C49882B499A3A00B0D936 /* DummyView.swift in Sources */,
				246C496F2B49985F00B0D936 /* ContentView.swift in Sources */,
				246C497E2B49987B00B0D936 /* ViewModel.swift in Sources */,
				246C496D2B49985F00B0D936 /* Perpustakaan_NewApp.swift in Sources */,
				246C49802B49988000B0D936 /* Models.swift in Sources */,
			);
			runOnlyForDeploymentPostprocessing = 0;
		};
/* End PBXSourcesBuildPhase section */

/* Begin XCBuildConfiguration section */
		246C49762B49986200B0D936 /* Debug */ = {
			isa = XCBuildConfiguration;
			buildSettings = {
				ALWAYS_SEARCH_USER_PATHS = NO;
				ASSETCATALOG_COMPILER_GENERATE_SWIFT_ASSET_SYMBOL_EXTENSIONS = YES;
				CLANG_ANALYZER_NONNULL = YES;
				CLANG_ANALYZER_NUMBER_OBJECT_CONVERSION = YES_AGGRESSIVE;
				CLANG_CXX_LANGUAGE_STANDARD = "gnu++20";
				CLANG_ENABLE_MODULES = YES;
				CLANG_ENABLE_OBJC_ARC = YES;
				CLANG_ENABLE_OBJC_WEAK = YES;
				CLANG_WARN_BLOCK_CAPTURE_AUTORELEASING = YES;
				CLANG_WARN_BOOL_CONVERSION = YES;
				CLANG_WARN_COMMA = YES;
				CLANG_WARN_CONSTANT_CONVERSION = YES;
				CLANG_WARN_DEPRECATED_OBJC_IMPLEMENTATIONS = YES;
				CLANG_WARN_DIRECT_OBJC_ISA_USAGE = YES_ERROR;
				CLANG_WARN_DOCUMENTATION_COMMENTS = YES;
				CLANG_WARN_EMPTY_BODY = YES;
				CLANG_WARN_ENUM_CONVERSION = YES;
				CLANG_WARN_INFINITE_RECURSION = YES;
				CLANG_WARN_INT_CONVERSION = YES;
				CLANG_WARN_NON_LITERAL_NULL_CONVERSION = YES;
				CLANG_WARN_OBJC_IMPLICIT_RETAIN_SELF = YES;
				CLANG_WARN_OBJC_LITERAL_CONVERSION = YES;
				CLANG_WARN_OBJC_ROOT_CLASS = YES_ERROR;
				CLANG_WARN_QUOTED_INCLUDE_IN_FRAMEWORK_HEADER = YES;
				CLANG_WARN_RANGE_LOOP_ANALYSIS = YES;
				CLANG_WARN_STRICT_PROTOTYPES = YES;
				CLANG_WARN_SUSPICIOUS_MOVE = YES;
				CLANG_WARN_UNGUARDED_AVAILABILITY = YES_AGGRESSIVE;
				CLANG_WARN_UNREACHABLE_CODE = YES;
				CLANG_WARN__DUPLICATE_METHOD_MATCH = YES;
				COPY_PHASE_STRIP = NO;
				DEBUG_INFORMATION_FORMAT = dwarf;
				ENABLE_STRICT_OBJC_MSGSEND = YES;
				ENABLE_TESTABILITY = YES;
				ENABLE_USER_SCRIPT_SANDBOXING = YES;
				GCC_C_LANGUAGE_STANDARD = gnu17;
				GCC_DYNAMIC_NO_PIC = NO;
				GCC_NO_COMMON_BLOCKS = YES;
				GCC_OPTIMIZATION_LEVEL = 0;
				GCC_PREPROCESSOR_DEFINITIONS = (
					"DEBUG=1",
					"$(inherited)",
				);
				GCC_WARN_64_TO_32_BIT_CONVERSION = YES;
				GCC_WARN_ABOUT_RETURN_TYPE = YES_ERROR;
				GCC_WARN_UNDECLARED_SELECTOR = YES;
				GCC_WARN_UNINITIALIZED_AUTOS = YES_AGGRESSIVE;
				GCC_WARN_UNUSED_FUNCTION = YES;
				GCC_WARN_UNUSED_VARIABLE = YES;
				LOCALIZATION_PREFERS_STRING_CATALOGS = YES;
				MACOSX_DEPLOYMENT_TARGET = 14.1;
				MTL_ENABLE_DEBUG_INFO = INCLUDE_SOURCE;
				MTL_FAST_MATH = YES;
				ONLY_ACTIVE_ARCH = YES;
				SDKROOT = macosx;
				SWIFT_ACTIVE_COMPILATION_CONDITIONS = "DEBUG $(inherited)";
				SWIFT_OPTIMIZATION_LEVEL = "-Onone";
			};
			name = Debug;
		};
		246C49772B49986200B0D936 /* Release */ = {
			isa = XCBuildConfiguration;
			buildSettings = {
				ALWAYS_SEARCH_USER_PATHS = NO;
				ASSETCATALOG_COMPILER_GENERATE_SWIFT_ASSET_SYMBOL_EXTENSIONS = YES;
				CLANG_ANALYZER_NONNULL = YES;
				CLANG_ANALYZER_NUMBER_OBJECT_CONVERSION = YES_AGGRESSIVE;
				CLANG_CXX_LANGUAGE_STANDARD = "gnu++20";
				CLANG_ENABLE_MODULES = YES;
				CLANG_ENABLE_OBJC_ARC = YES;
				CLANG_ENABLE_OBJC_WEAK = YES;
				CLANG_WARN_BLOCK_CAPTURE_AUTORELEASING = YES;
				CLANG_WARN_BOOL_CONVERSION = YES;
				CLANG_WARN_COMMA = YES;
				CLANG_WARN_CONSTANT_CONVERSION = YES;
				CLANG_WARN_DEPRECATED_OBJC_IMPLEMENTATIONS = YES;
				CLANG_WARN_DIRECT_OBJC_ISA_USAGE = YES_ERROR;
				CLANG_WARN_DOCUMENTATION_COMMENTS = YES;
				CLANG_WARN_EMPTY_BODY = YES;
				CLANG_WARN_ENUM_CONVERSION = YES;
				CLANG_WARN_INFINITE_RECURSION = YES;
				CLANG_WARN_INT_CONVERSION = YES;
				CLANG_WARN_NON_LITERAL_NULL_CONVERSION = YES;
				CLANG_WARN_OBJC_IMPLICIT_RETAIN_SELF = YES;
				CLANG_WARN_OBJC_LITERAL_CONVERSION = YES;
				CLANG_WARN_OBJC_ROOT_CLASS = YES_ERROR;
				CLANG_WARN_QUOTED_INCLUDE_IN_FRAMEWORK_HEADER = YES;
				CLANG_WARN_RANGE_LOOP_ANALYSIS = YES;
				CLANG_WARN_STRICT_PROTOTYPES = YES;
				CLANG_WARN_SUSPICIOUS_MOVE = YES;
				CLANG_WARN_UNGUARDED_AVAILABILITY = YES_AGGRESSIVE;
				CLANG_WARN_UNREACHABLE_CODE = YES;
				CLANG_WARN__DUPLICATE_METHOD_MATCH = YES;
				COPY_PHASE_STRIP = NO;
				DEBUG_INFORMATION_FORMAT = "dwarf-with-dsym";
				ENABLE_NS_ASSERTIONS = NO;
				ENABLE_STRICT_OBJC_MSGSEND = YES;
				ENABLE_USER_SCRIPT_SANDBOXING = YES;
				GCC_C_LANGUAGE_STANDARD = gnu17;
				GCC_NO_COMMON_BLOCKS = YES;
				GCC_WARN_64_TO_32_BIT_CONVERSION = YES;
				GCC_WARN_ABOUT_RETURN_TYPE = YES_ERROR;
				GCC_WARN_UNDECLARED_SELECTOR = YES;
				GCC_WARN_UNINITIALIZED_AUTOS = YES_AGGRESSIVE;
				GCC_WARN_UNUSED_FUNCTION = YES;
				GCC_WARN_UNUSED_VARIABLE = YES;
				LOCALIZATION_PREFERS_STRING_CATALOGS = YES;
				MACOSX_DEPLOYMENT_TARGET = 14.1;
				MTL_ENABLE_DEBUG_INFO = NO;
				MTL_FAST_MATH = YES;
				SDKROOT = macosx;
				SWIFT_COMPILATION_MODE = wholemodule;
			};
			name = Release;
		};
		246C49792B49986200B0D936 /* Debug */ = {
			isa = XCBuildConfiguration;
			buildSettings = {
				ASSETCATALOG_COMPILER_APPICON_NAME = AppIcon;
				ASSETCATALOG_COMPILER_GLOBAL_ACCENT_COLOR_NAME = AccentColor;
				CODE_SIGN_ENTITLEMENTS = "Perpustakaan-New/Perpustakaan_New.entitlements";
				CODE_SIGN_STYLE = Automatic;
				COMBINE_HIDPI_IMAGES = YES;
				CURRENT_PROJECT_VERSION = 1;
				DEVELOPMENT_ASSET_PATHS = "\"Perpustakaan-New/Preview Content\"";
				DEVELOPMENT_TEAM = C5Y49KMGJ2;
				ENABLE_HARDENED_RUNTIME = YES;
				ENABLE_PREVIEWS = YES;
				GENERATE_INFOPLIST_FILE = YES;
				INFOPLIST_FILE = "Perpustakaan-New/Info.plist";
				INFOPLIST_KEY_NSHumanReadableCopyright = "";
				LD_RUNPATH_SEARCH_PATHS = (
					"$(inherited)",
					"@executable_path/../Frameworks",
				);
				MARKETING_VERSION = 1.0;
				PRODUCT_BUNDLE_IDENTIFIER = "felicia.Perpustakaan-New";
				PRODUCT_NAME = "$(TARGET_NAME)";
				SWIFT_EMIT_LOC_STRINGS = YES;
				SWIFT_VERSION = 5.0;
			};
			name = Debug;
		};
		246C497A2B49986200B0D936 /* Release */ = {
			isa = XCBuildConfiguration;
			buildSettings = {
				ASSETCATALOG_COMPILER_APPICON_NAME = AppIcon;
				ASSETCATALOG_COMPILER_GLOBAL_ACCENT_COLOR_NAME = AccentColor;
				CODE_SIGN_ENTITLEMENTS = "Perpustakaan-New/Perpustakaan_New.entitlements";
				CODE_SIGN_STYLE = Automatic;
				COMBINE_HIDPI_IMAGES = YES;
				CURRENT_PROJECT_VERSION = 1;
				DEVELOPMENT_ASSET_PATHS = "\"Perpustakaan-New/Preview Content\"";
				DEVELOPMENT_TEAM = C5Y49KMGJ2;
				ENABLE_HARDENED_RUNTIME = YES;
				ENABLE_PREVIEWS = YES;
				GENERATE_INFOPLIST_FILE = YES;
				INFOPLIST_FILE = "Perpustakaan-New/Info.plist";
				INFOPLIST_KEY_NSHumanReadableCopyright = "";
				LD_RUNPATH_SEARCH_PATHS = (
					"$(inherited)",
					"@executable_path/../Frameworks",
				);
				MARKETING_VERSION = 1.0;
				PRODUCT_BUNDLE_IDENTIFIER = "felicia.Perpustakaan-New";
				PRODUCT_NAME = "$(TARGET_NAME)";
				SWIFT_EMIT_LOC_STRINGS = YES;
				SWIFT_VERSION = 5.0;
			};
			name = Release;
		};
/* End XCBuildConfiguration section */

/* Begin XCConfigurationList section */
		246C49642B49985F00B0D936 /* Build configuration list for PBXProject "Perpustakaan-New" */ = {
			isa = XCConfigurationList;
			buildConfigurations = (
				246C49762B49986200B0D936 /* Debug */,
				246C49772B49986200B0D936 /* Release */,
			);
			defaultConfigurationIsVisible = 0;
			defaultConfigurationName = Release;
		};
		246C49782B49986200B0D936 /* Build configuration list for PBXNativeTarget "Perpustakaan-New" */ = {
			isa = XCConfigurationList;
			buildConfigurations = (
				246C49792B49986200B0D936 /* Debug */,
				246C497A2B49986200B0D936 /* Release */,
			);
			defaultConfigurationIsVisible = 0;
			defaultConfigurationName = Release;
		};
/* End XCConfigurationList section */
	};
	rootObject = 246C49612B49985F00B0D936 /* Project object */;
}
